lockfileVersion: '9.0'

settings:
  autoInstallPeers: false
  excludeLinksFromLockfile: false

importers:

  .:
    devDependencies:
      '@biomejs/biome':
        specifier: ^2.5.12
        version: 2.5.12
      '@deepseek-ai/cordis':
        specifier: 4.0.2
        version: 4.0.2(@deepseek-ai/cordis-plugin-include@1.0.7)(@deepseek-ai/cordis-plugin-loader@1.0.3)
      '@deepseek-ai/cordis-plugin-include':
        specifier: ^1.0.7
        version: 1.0.7(@deepseek-ai/cordis-plugin-loader@1.0.3)(@deepseek-ai/cordis@4.0.2)
      '@deepseek-ai/cordis-plugin-loader':
        specifier: ^1.0.3
        version: 1.0.3(@deepseek-ai/cordis@4.0.2)
      '@deepseek-ai/dsh-agent':
        specifier: 0.1.6-alpha.1
        version: 0.1.6-alpha.1(@deepseek-ai/cordis@4.0.2)(@deepseek-ai/dsh-invariants@0.1.6-alpha.1(@deepseek-ai/cordis@4.0.2))(@deepseek-ai/dsh-llm@0.1.6-alpha.1(@deepseek-ai/cordis@4.0.2))(@deepseek-ai/dsh-scope@0.1.6-alpha.1(@deepseek-ai/cordis@4.0.2)(@deepseek-ai/dsh-invariants@0.1.6-alpha.1(@deepseek-ai/cordis@4.0.2)))(@deepseek-ai/dsh-session@0.1.6-alpha.1(@deepseek-ai/cordis@4.0.2)(@deepseek-ai/dsh-scope@0.1.6-alpha.1(@deepseek-ai/cordis@4.0.2)(@deepseek-ai/dsh-invariants@0.1.6-alpha.1(@deepseek-ai/cordis@4.0.2))))(@deepseek-ai/dsh-system-prompt@0.1.6-alpha.1(@deepseek-ai/cordis@4.0.2)(@deepseek-ai/dsh-invariants@0.1.6-alpha.1(@deepseek-ai/cordis@4.0.2))(@deepseek-ai/dsh-llm@0.1.6-alpha.1(@deepseek-ai/cordis@4.0.2))(@deepseek-ai/dsh-scope@0.1.6-alpha.1(@deepseek-ai/cordis@4.0.2)(@deepseek-ai/dsh-invariants@0.1.6-alpha.1(@deepseek-ai/cordis@4.0.2))))(@deepseek-ai/dsh-typert-protocol@0.1.6-alpha.1(@deepseek-ai/cordis@4.0.2))(@deepseek-ai/dsh-util-values@0.1.6-alpha.1(@deepseek-ai/cordis@4.0.2))
      '@deepseek-ai/dsh-attachment':
        specifier: 0.1.6-alpha.1
        version: 0.1.6-alpha.1(@deepseek-ai/cordis@4.0.2)(@deepseek-ai/dsh-brand@0.1.6-alpha.1(@deepseek-ai/cordis@4.0.2))
      '@deepseek-ai/dsh-brand':
        specifier: 0.1.6-alpha.1
        version: 0.1.6-alpha.1(@deepseek-ai/cordis@4.0.2)
      '@deepseek-ai/dsh-code-runtime':
        specifier: 0.1.5-rc.2
        version: 0.1.5-rc.2(@deepseek-ai/cordis@4.0.2)
      '@deepseek-ai/dsh-compaction':
        specifier: 0.1.6-alpha.1
        version: 0.1.6-alpha.1(@deepseek-ai/cordis@4.0.2)(@deepseek-ai/dsh-brand@0.1.6-alpha.1(@deepseek-ai/cordis@4.0.2))(@deepseek-ai/dsh-invariants@0.1.6-alpha.1(@deepseek-ai/cordis@4.0.2))(@deepseek-ai/dsh-llm@0.1.6-alpha.1(@deepseek-ai/cordis@4.0.2))(@deepseek-ai/dsh-session@0.1.6-alpha.1(@deepseek-ai/cordis@4.0.2)(@deepseek-ai/dsh-scope@0.1.6-alpha.1(@deepseek-ai/cordis@4.0.2)(@deepseek-ai/dsh-invariants@0.1.6-alpha.1(@deepseek-ai/cordis@4.0.2))))
      '@deepseek-ai/dsh-compaction-basic':
        specifier: 0.1.6-alpha.1
        version: 0.1.6-alpha.1(b16cb2301f5deb2c6fd2d532ef26dd90)
      '@deepseek-ai/dsh-home-paths':
        specifier: 0.1.6-alpha.1
        version: 0.1.6-alpha.1(@deepseek-ai/cordis@4.0.2)
      '@deepseek-ai/dsh-invariants':
        specifier: 0.1.6-alpha.1
        version: 0.1.6-alpha.1(@deepseek-ai/cordis@4.0.2)
      '@deepseek-ai/dsh-llm':
        specifier: 0.1.6-alpha.1
        version: 0.1.6-alpha.1(@deepseek-ai/cordis@4.0.2)
      '@deepseek-ai/dsh-ptc-runtime':
        specifier: 0.1.6-alpha.1
        version: 0.1.6-alpha.1(@deepseek-ai/cordis@4.0.2)(@deepseek-ai/dsh-sandbox@0.1.6-alpha.1(@deepseek-ai/cordis@4.0.2)(@deepseek-ai/dsh-llm@0.1.6-alpha.1(@deepseek-ai/cordis@4.0.2))(@deepseek-ai/dsh-session@0.1.6-alpha.1(@deepseek-ai/cordis@4.0.2)(@deepseek-ai/dsh-scope@0.1.6-alpha.1(@deepseek-ai/cordis@4.0.2)(@deepseek-ai/dsh-invariants@0.1.6-alpha.1(@deepseek-ai/cordis@4.0.2)))))
      '@deepseek-ai/dsh-sandbox':
        specifier: 0.1.6-alpha.1
        version: 0.1.6-alpha.1(@deepseek-ai/cordis@4.0.2)(@deepseek-ai/dsh-llm@0.1.6-alpha.1(@deepseek-ai/cordis@4.0.2))(@deepseek-ai/dsh-session@0.1.6-alpha.1(@deepseek-ai/cordis@4.0.2)(@deepseek-ai/dsh-scope@0.1.6-alpha.1(@deepseek-ai/cordis@4.0.2)(@deepseek-ai/dsh-invariants@0.1.6-alpha.1(@deepseek-ai/cordis@4.0.2))))
      '@deepseek-ai/dsh-sandbox-policy':
        specifier: 0.1.6-alpha.1
        version: 0.1.6-alpha.1(9231d23c75de224fd3476a3a9469564b)
      '@deepseek-ai/dsh-scope':
        specifier: 0.1.6-alpha.1
        version: 0.1.6-alpha.1(@deepseek-ai/cordis@4.0.2)(@deepseek-ai/dsh-invariants@0.1.6-alpha.1(@deepseek-ai/cordis@4.0.2))
      '@deepseek-ai/dsh-session':
        specifier: 0.1.6-alpha.1
        version: 0.1.6-alpha.1(@deepseek-ai/cordis@4.0.2)(@deepseek-ai/dsh-scope@0.1.6-alpha.1(@deepseek-ai/cordis@4.0.2)(@deepseek-ai/dsh-invariants@0.1.6-alpha.1(@deepseek-ai/cordis@4.0.2)))
      '@deepseek-ai/dsh-system-prompt':
        specifier: 0.1.6-alpha.1
        version: 0.1.6-alpha.1(@deepseek-ai/cordis@4.0.2)(@deepseek-ai/dsh-invariants@0.1.6-alpha.1(@deepseek-ai/cordis@4.0.2))(@deepseek-ai/dsh-llm@0.1.6-alpha.1(@deepseek-ai/cordis@4.0.2))(@deepseek-ai/dsh-scope@0.1.6-alpha.1(@deepseek-ai/cordis@4.0.2)(@deepseek-ai/dsh-invariants@0.1.6-alpha.1(@deepseek-ai/cordis@4.0.2)))
      '@deepseek-ai/dsh-timeout':
        specifier: 0.1.6-alpha.1
        version: 0.1.6-alpha.1(@deepseek-ai/cordis@4.0.2)
      '@deepseek-ai/dsh-tools':
        specifier: 0.1.6-alpha.1
        version: 0.1.6-alpha.1(071ad6ad3babd512a94b39233040da5d)
      '@deepseek-ai/dsh-typert-protocol':
        specifier: 0.1.6-alpha.1
        version: 0.1.6-alpha.1(@deepseek-ai/cordis@4.0.2)
      '@deepseek-ai/dsh-user-approval':
        specifier: 0.1.6-alpha.1
        version: 0.1.6-alpha.1(108e0ab4f8bdbc9032c57fabad05b672)

packages:

  '@biomejs/biome@2.5.12':
    resolution: {integrity: sha512-Lw4VHZRebrReBBnlHa12JQjnIBm3JJAA55PDB9LbBVBF0q4RYphm6KfmIjqtPhf61MxZ5Q9KoK8R8x+7per5Aw==}
    engines: {node: '>=14.21.3'}
    hasBin: true

  '@biomejs/cli-darwin-arm64@2.5.12':
    resolution: {integrity: sha512-lCRY1rwgNeWNgTr4DI/u6ZwXTRwRLHAvbaio1YLLGS+4r1nhvB2ssyPqIpfUSmRveNfv0fn/N58C7CAdK2XVrg==}
    engines: {node: '>=14.21.3'}
    cpu: [arm64]
    os: [darwin]

  '@biomejs/cli-darwin-x64@2.5.12':
    resolution: {integrity: sha512-vhPgwnh+6tN3ArdAXuET99xaNbFt7CG82Bqn+omHVLC5xdVx45JsYjGPmUIGNzjDek5XdNCP1HKksK7fn8+3bQ==}
    engines: {node: '>=14.21.3'}
    cpu: [x64]
    os: [darwin]

  '@biomejs/cli-linux-arm64-musl@2.5.12':
    resolution: {integrity: sha512-couHYjFLL5uuI8ne6zhT7KwEsXo5YP7ry/2xmEqah7qanu0YmfDi3mwJg47YXSuv/NpZj22CZzcRH/5c4gjPSQ==}
    engines: {node: '>=14.21.3'}
    cpu: [arm64]
    os: [linux]
    libc: [musl]

  '@biomejs/cli-linux-arm64@2.5.12':
    resolution: {integrity: sha512-2gp8aVwXYKdAtmBfRFCUuyDMcfN1ahHqUkGfLYrZlNRFmryMATLVvJgWKvyA8wu4Rwn5OSxM1UcUmOuOFNGeBQ==}
    engines: {node: '>=14.21.3'}
    cpu: [arm64]
    os: [linux]
    libc: [glibc]

  '@biomejs/cli-linux-x64-musl@2.5.12':
    resolution: {integrity: sha512-8A0oDW58/w9f/PQNYuq0sGUZtGtGrkNF4Z6n0PUoXpLCshi85vtKTv1XSznQawhdE4MXJ8ufpzHXyLFe87M/+w==}
    engines: {node: '>=14.21.3'}
    cpu: [x64]
    os: [linux]
    libc: [musl]

  '@biomejs/cli-linux-x64@2.5.12':
    resolution: {integrity: sha512-SnvOs3TSTiuia4SQOUNe1aWC9RT4+YkjcKnOhL/nsKOV0k5ycgBkDzF0lUxKn1V7Q8CLTRq6iV23ZAivHomRoA==}
    engines: {node: '>=14.21.3'}
    cpu: [x64]
    os: [linux]
    libc: [glibc]

  '@biomejs/cli-win32-arm64@2.5.12':
    resolution: {integrity: sha512-b9vtoZFsuZt1pdjNwJvXl0f+BpayRzV008uS2+JpmwIKdSE2qdu4A/l04FESwLoou5g2E/Qlec0xwJydZplH+A==}
    engines: {node: '>=14.21.3'}
    cpu: [arm64]
    os: [win32]

  '@biomejs/cli-win32-x64@2.5.12':
    resolution: {integrity: sha512-B1R/l+CwEpKFSuqiwePzPNRk1EiJN8kc0UhdafNz6MZN9v5OFP9HYP1irptvWzHrwVI4blVNGMbxc5zt70m3IA==}
    engines: {node: '>=14.21.3'}
    cpu: [x64]
    os: [win32]

  '@deepseek-ai/cordis-plugin-include@1.0.7':
    resolution: {integrity: sha512-bZ4S1YuOmwOeE97HnslQ6ggVQbaWz4GejJ8OcY4P/DIyc1Qhu/3Szt1XSw6c/pd37kRkxxJXGwt4cmCxWSBBuw==}
    peerDependencies:
      '@deepseek-ai/cordis': ^4.0.2
      '@deepseek-ai/cordis-plugin-loader': ^1.0.3

  '@deepseek-ai/cordis-plugin-loader@1.0.3':
    resolution: {integrity: sha512-YNcHiH7TRFrgnRbQU7qdS1spABUFFHg04QpB9DdboPEjgKLTFfeEAvr6Y7qll3/nGgqywDQdk1tYshqKO0p1WQ==}
    peerDependencies:
      '@deepseek-ai/cordis': ^4.0.2
      node-addon-require-builtin: ^0.1.4
    peerDependenciesMeta:
      node-addon-require-builtin:
        optional: true

  '@deepseek-ai/cordis@4.0.2':
    resolution: {integrity: sha512-asOnXP1TzFSFQlHb1iegDZp0z/8WD1c7YNrwJR/Tx2bzNuMXfcekE/I67Iv6SQXeLB4csxqCngzQKANP7gdw0g==}
    hasBin: true
    peerDependencies:
      '@deepseek-ai/cordis-plugin-include': ^1.0.7
      '@deepseek-ai/cordis-plugin-loader': ^1.0.3
    peerDependenciesMeta:
      '@deepseek-ai/cordis-plugin-include':
        optional: true
      '@deepseek-ai/cordis-plugin-loader':
        optional: true

  '@deepseek-ai/cosmokit@1.8.3':
    resolution: {integrity: sha512-qBo+ronVM6Eu2WNVJXi8JcMiqZ19T9BRIpV+5qJUFPXjGH/Z0QKcQMC/IZJ7L394YTOtJgcovbk9qP0w2GsBXQ==}

  '@deepseek-ai/dsh-agent@0.1.6-alpha.1':
    resolution: {integrity: sha512-QIUJCzc0gVpwajKeKzZfvcIUToD5D2F2OzxZAqxiERblW5UfbT0V/4UEuNWSnz98ViAy1unfat/JJDx/r8FTxg==}
    peerDependencies:
      '@deepseek-ai/cordis': ^4.0.2
      '@deepseek-ai/dsh-invariants': ^0.1.6-alpha.1
      '@deepseek-ai/dsh-llm': ^0.1.6-alpha.1
      '@deepseek-ai/dsh-scope': ^0.1.6-alpha.1
      '@deepseek-ai/dsh-session': ^0.1.6-alpha.1
      '@deepseek-ai/dsh-session-projection': ^0.1.6-alpha.1
      '@deepseek-ai/dsh-system-prompt': ^0.1.6-alpha.1
      '@deepseek-ai/dsh-typert-protocol': ^0.1.6-alpha.1
      '@deepseek-ai/dsh-util-values': ^0.1.6-alpha.1

  '@deepseek-ai/dsh-attachment@0.1.6-alpha.1':
    resolution: {integrity: sha512-DUjH5jIe3K3Cnkcp1+BXtCVAt3hlrjDYt7CDkWq5NVpef8dGhKUOfejRwYIO9vsSdWkKavz43OZZMTLLPAQvQw==}
    peerDependencies:
      '@deepseek-ai/cordis': ^4.0.2
      '@deepseek-ai/dsh-brand': ^0.1.6-alpha.1

  '@deepseek-ai/dsh-brand@0.1.6-alpha.1':
    resolution: {integrity: sha512-bS2ud+5KsNukiZYPCbAoNz8FOP7NSaa8ibYf/dKPmG9lLPw/GaReD+APGJs1mmqT96AhlzbxDmrQx4hlNo8fZA==}
    peerDependencies:
      '@deepseek-ai/cordis': ^4.0.2

  '@deepseek-ai/dsh-code-runtime@0.1.5-rc.2':
    resolution: {integrity: sha512-qex3bvQNBkv1eapi8iTyNq+c52q1kxfdv5+8Nkswv4/kwrkvcDa4n4iiCbEgKS+K5U4DiVIprnyIv8Nx7il7Nw==}
    peerDependencies:
      '@deepseek-ai/cordis': ^4.0.2

  '@deepseek-ai/dsh-compaction-basic@0.1.6-alpha.1':
    resolution: {integrity: sha512-0sVSdNH03ekoM975b/AM8l8QggPCpUegfpbN8TnCk0rFgM5c+swA//mJyElXDiMY3lhKA16wbGBXu1vQFysC+Q==}
    peerDependencies:
      '@deepseek-ai/cordis': ^4.0.2
      '@deepseek-ai/dsh-agent': ^0.1.6-alpha.1
      '@deepseek-ai/dsh-commands': ^0.1.6-alpha.1
      '@deepseek-ai/dsh-compaction': ^0.1.6-alpha.1
      '@deepseek-ai/dsh-compaction-tool-result-pruner': ^0.1.6-alpha.1
      '@deepseek-ai/dsh-llm': ^0.1.6-alpha.1
      '@deepseek-ai/dsh-session': ^0.1.6-alpha.1
      '@deepseek-ai/dsh-token-meter': ^0.1.6-alpha.1
    peerDependenciesMeta:
      '@deepseek-ai/dsh-compaction-tool-result-pruner':
        optional: true

  '@deepseek-ai/dsh-compaction@0.1.6-alpha.1':
    resolution: {integrity: sha512-Pt2Q6UVRbxxh2Vhvkd7X3t8QOiObIeqlo7f8GK5YFIO6UVQzzTZWazm603QM1kiHcNqyo8AG/bIVUF96dna//g==}
    peerDependencies:
      '@deepseek-ai/cordis': ^4.0.2
      '@deepseek-ai/dsh-brand': ^0.1.6-alpha.1
      '@deepseek-ai/dsh-commands': ^0.1.6-alpha.1
      '@deepseek-ai/dsh-invariants': ^0.1.6-alpha.1
      '@deepseek-ai/dsh-llm': ^0.1.6-alpha.1
      '@deepseek-ai/dsh-session': ^0.1.6-alpha.1

  '@deepseek-ai/dsh-home-paths@0.1.6-alpha.1':
    resolution: {integrity: sha512-YLlIBjrZrf4Zs7IBrG6KApou9kUnILGfAxMbGTT/OdPKAtUI171gaTWzX+lDqa8sAq919/C9NlvgRlNSli9egw==}
    peerDependencies:
      '@deepseek-ai/cordis': ^4.0.2

  '@deepseek-ai/dsh-invariants@0.1.6-alpha.1':
    resolution: {integrity: sha512-kCQIyhVBIk2mfSMnBkT+vxU//gdxTAiYZ3ffXcgpdXDn7CeAzUcyk49LeLsllQZJB7cZWMIF/CLhCsU6hzSykQ==}
    peerDependencies:
      '@deepseek-ai/cordis': ^4.0.2

  '@deepseek-ai/dsh-llm@0.1.6-alpha.1':
    resolution: {integrity: sha512-J6CR7lfZEDrYnmWbuN8m3Vso7pQYhBGeecT+uvF4jEsCbVeEXLNbqjOBFudlPR2BXZQI7DqG6uJ6I1doJpLIew==}
    peerDependencies:
      '@deepseek-ai/cordis': ^4.0.2

  '@deepseek-ai/dsh-ptc-runtime@0.1.6-alpha.1':
    resolution: {integrity: sha512-gUaXOhZ77jYIVu/1lyJe6UeKXOyEIAoYC76d0+M0oMiufCLetOOaPyppkUBFRH95ILvc4ldX6Em46kfexMQnpQ==}
    peerDependencies:
      '@deepseek-ai/cordis': ^4.0.2
      '@deepseek-ai/dsh-sandbox': ^0.1.6-alpha.1

  '@deepseek-ai/dsh-sandbox-policy@0.1.6-alpha.1':
    resolution: {integrity: sha512-mjGj+UIY9oQWv6lnG+s9bQ6VWqq4AfzZn8I269caIVG3UOk5/R4+M4r5gdpxsuEVQFlPrgnNydcb16NriRdbnA==}
    peerDependencies:
      '@deepseek-ai/cordis': ^4.0.2
      '@deepseek-ai/dsh-agent': ^0.1.6-alpha.1
      '@deepseek-ai/dsh-invariants': ^0.1.6-alpha.1
      '@deepseek-ai/dsh-sandbox': ^0.1.6-alpha.1
      '@deepseek-ai/dsh-session': ^0.1.6-alpha.1
      '@deepseek-ai/dsh-session-projection': ^0.1.6-alpha.1
      '@deepseek-ai/dsh-system-prompt': ^0.1.6-alpha.1

  '@deepseek-ai/dsh-sandbox@0.1.6-alpha.1':
    resolution: {integrity: sha512-GLIJ5tdC08OO+3KKiv8jpHudtLO1nXvOXGw8VwCDzwl7AqG/O90xkvY/R2AkyFQ31CiCjywRQzkPdmlCm8Uf3w==}
    peerDependencies:
      '@deepseek-ai/cordis': ^4.0.2
      '@deepseek-ai/dsh-llm': ^0.1.6-alpha.1
      '@deepseek-ai/dsh-session': ^0.1.6-alpha.1

  '@deepseek-ai/dsh-scope@0.1.6-alpha.1':
    resolution: {integrity: sha512-InFGdrRr/o5Shn+8oOJz5/5njJh1h7YmZufXmSn0z+sjc/y684WHhvHqmES8Y2xieJ96e9VL8wNeiIQpaKce5A==}
    peerDependencies:
      '@deepseek-ai/cordis': ^4.0.2
      '@deepseek-ai/dsh-invariants': ^0.1.6-alpha.1

  '@deepseek-ai/dsh-session@0.1.6-alpha.1':
    resolution: {integrity: sha512-IUdpUwIZaQIXNrgaYr0JAwAhUuhmjzzIgrg8Q8bSQM6fO+nYHIERF/MQZHnnon7wkibtyak+Nj8RKF82boQWIA==}
    peerDependencies:
      '@deepseek-ai/cordis': ^4.0.2
      '@deepseek-ai/dsh-scope': ^0.1.6-alpha.1

  '@deepseek-ai/dsh-system-prompt@0.1.6-alpha.1':
    resolution: {integrity: sha512-Lc+udg/vuacydI9CnOC9syc762nkIm/SarqdcJf4YAXT257u4BMYD05JNS+B06VhXT3vfwOTaXyyt0TJ9Qi7zA==}
    peerDependencies:
      '@deepseek-ai/cordis': ^4.0.2
      '@deepseek-ai/dsh-invariants': ^0.1.6-alpha.1
      '@deepseek-ai/dsh-llm': ^0.1.6-alpha.1
      '@deepseek-ai/dsh-scope': ^0.1.6-alpha.1

  '@deepseek-ai/dsh-timeout@0.1.6-alpha.1':
    resolution: {integrity: sha512-RuDwOyXm68OsIqj/DVx1zXQLIArrubrkYRbpOxbBmNQQ5WCEVxGDvAXQPUd2ULw4RJo0tIBx0nqQ85kkKRrQew==}
    peerDependencies:
      '@deepseek-ai/cordis': ^4.0.2

  '@deepseek-ai/dsh-tools@0.1.6-alpha.1':
    resolution: {integrity: sha512-kMVU8nZvM9jaam60FH9px2m/vcvXCcuSdZNf3fhZ1N/5mjbdhXLm5CGaNV8QaDlrYjpV8L/wop8TO3LaDuufqA==}
    peerDependencies:
      '@deepseek-ai/cordis': ^4.0.2
      '@deepseek-ai/dsh-agent': ^0.1.6-alpha.1
      '@deepseek-ai/dsh-invariants': ^0.1.6-alpha.1
      '@deepseek-ai/dsh-llm': ^0.1.6-alpha.1
      '@deepseek-ai/dsh-ptc-runtime': ^0.1.6-alpha.1
      '@deepseek-ai/dsh-sandbox': ^0.1.6-alpha.1
      '@deepseek-ai/dsh-sandbox-policy': ^0.1.6-alpha.1
      '@deepseek-ai/dsh-scope': ^0.1.6-alpha.1
      '@deepseek-ai/dsh-session': ^0.1.6-alpha.1
      '@deepseek-ai/dsh-system-prompt': ^0.1.6-alpha.1
      '@deepseek-ai/dsh-user-approval': ^0.1.6-alpha.1

  '@deepseek-ai/dsh-typert-protocol@0.1.6-alpha.1':
    resolution: {integrity: sha512-szYjrNvmlLMcR+3dDTAP+2sTqVy0MvRWkJeA1Y5CzT//HiimNDB7+q6WZX1jZ3m2ZyIfHQqfsnUVZ+PXIYHCyw==}
    peerDependencies:
      '@deepseek-ai/cordis': ^4.0.2

  '@deepseek-ai/dsh-user-approval@0.1.6-alpha.1':
    resolution: {integrity: sha512-0jpco20Iq8x4kDSCxXZEF2LwthCIxkzt9ewJfTF1qrGUDDOKb6smPHnR6EnLjL4oBzieT57MGIyADaCL3wjzOQ==}
    peerDependencies:
      '@deepseek-ai/cordis': ^4.0.2
      '@deepseek-ai/dsh-agent': ^0.1.6-alpha.1
      '@deepseek-ai/dsh-brand': ^0.1.6-alpha.1
      '@deepseek-ai/dsh-invariants': ^0.1.6-alpha.1
      '@deepseek-ai/dsh-llm': ^0.1.6-alpha.1
      '@deepseek-ai/dsh-scope': ^0.1.6-alpha.1
      '@deepseek-ai/dsh-session': ^0.1.6-alpha.1
      '@deepseek-ai/dsh-system-prompt': ^0.1.6-alpha.1

  '@deepseek-ai/dsh-util-crypto@0.1.6-alpha.1':
    resolution: {integrity: sha512-sNr5pLIajPOT9cOn61QfEsWYCBme47DFRajL3OTiOxrd7L4Ch+HgPUunUolofFNjq37gXave6/2+dcsv3L3BnA==}
    peerDependencies:
      '@deepseek-ai/cordis': ^4.0.2

  '@deepseek-ai/dsh-util-values@0.1.6-alpha.1':
    resolution: {integrity: sha512-YtF7+XmWKY7E48ozmPEXTJT+Wn8HN4MPytY+MRoySsPRAJJp09/68oo/dKcOND+ZEWUZiJN8KJUrBcTB3VSm2Q==}
    peerDependencies:
      '@deepseek-ai/cordis': ^4.0.2

  '@deepseek-ai/schemastery@3.18.2':
    resolution: {integrity: sha512-njDtZsznjYxok7KLLlHOPyuv2efdWVbSflAHgztSfbMsg+CVraEoRe2DjOCgClYv3ZCSm7WXoaUkbB/+RY7tWQ==}

  '@standard-schema/spec@1.1.0':
    resolution: {integrity: sha512-l2aFy5jALhniG5HgqrD6jXLi/rUWrKvqN/qJx6yoJsgKhblVd+iqqU4RCXavm/jPityDo5TCvKMnpjKnOriy0w==}

  argparse@2.0.1:
    resolution: {integrity: sha512-8+9WqebbFzpX9OR+Wa6O29asIogeRMzcGtAINdpMHHyAg10f05aSFVBbcEqGf/PXw1EjAZ+q2/bEBg3DvurK3Q==}

  js-yaml@4.3.2:
    resolution: {integrity: sha512-SFNOvSJ+Dgf/9An904Yx+CgSlIPCkIpao4qo51lpee25TIRejdH3rhR4EZMGoNx3/TP3O+wzWuiTFl4sqbltzA==}
    hasBin: true

  zod@4.6.1:
    resolution: {integrity: sha512-341aRWQsve0rvronKNTqZpjmzdbUDlFuzHaI/XLg/Ej82qffDJRRfBTCuv7+9q/rMjB6LSLyEBnW4InJeMtt/Q==}

snapshots:

  '@biomejs/biome@2.5.12':
    optionalDependencies:
      '@biomejs/cli-darwin-arm64': 2.5.12
      '@biomejs/cli-darwin-x64': 2.5.12
      '@biomejs/cli-linux-arm64': 2.5.12
      '@biomejs/cli-linux-arm64-musl': 2.5.12
      '@biomejs/cli-linux-x64': 2.5.12
      '@biomejs/cli-linux-x64-musl': 2.5.12
      '@biomejs/cli-win32-arm64': 2.5.12
      '@biomejs/cli-win32-x64': 2.5.12

  '@biomejs/cli-darwin-arm64@2.5.12':
    optional: true

  '@biomejs/cli-darwin-x64@2.5.12':
    optional: true

  '@biomejs/cli-linux-arm64-musl@2.5.12':
    optional: true

  '@biomejs/cli-linux-arm64@2.5.12':
    optional: true

  '@biomejs/cli-linux-x64-musl@2.5.12':
    optional: true

  '@biomejs/cli-linux-x64@2.5.12':
    optional: true

  '@biomejs/cli-win32-arm64@2.5.12':
    optional: true

  '@biomejs/cli-win32-x64@2.5.12':
    optional: true

  '@deepseek-ai/cordis-plugin-include@1.0.7(@deepseek-ai/cordis-plugin-loader@1.0.3)(@deepseek-ai/cordis@4.0.2)':
    dependencies:
      '@deepseek-ai/cordis': 4.0.2(@deepseek-ai/cordis-plugin-include@1.0.7)(@deepseek-ai/cordis-plugin-loader@1.0.3)
      '@deepseek-ai/cordis-plugin-loader': 1.0.3(@deepseek-ai/cordis@4.0.2)
      '@deepseek-ai/cosmokit': 1.8.3
      js-yaml: 4.3.2

  '@deepseek-ai/cordis-plugin-loader@1.0.3(@deepseek-ai/cordis@4.0.2)':
    dependencies:
      '@deepseek-ai/cordis': 4.0.2(@deepseek-ai/cordis-plugin-include@1.0.7)(@deepseek-ai/cordis-plugin-loader@1.0.3)
      '@deepseek-ai/cosmokit': 1.8.3

  '@deepseek-ai/cordis@4.0.2(@deepseek-ai/cordis-plugin-include@1.0.7)(@deepseek-ai/cordis-plugin-loader@1.0.3)':
    dependencies:
      '@deepseek-ai/cosmokit': 1.8.3
      '@standard-schema/spec': 1.1.0
    optionalDependencies:
      '@deepseek-ai/cordis-plugin-include': 1.0.7(@deepseek-ai/cordis-plugin-loader@1.0.3)(@deepseek-ai/cordis@4.0.2)
      '@deepseek-ai/cordis-plugin-loader': 1.0.3(@deepseek-ai/cordis@4.0.2)

  '@deepseek-ai/cosmokit@1.8.3': {}

  '@deepseek-ai/dsh-agent@0.1.6-alpha.1(@deepseek-ai/cordis@4.0.2)(@deepseek-ai/dsh-invariants@0.1.6-alpha.1(@deepseek-ai/cordis@4.0.2))(@deepseek-ai/dsh-llm@0.1.6-alpha.1(@deepseek-ai/cordis@4.0.2))(@deepseek-ai/dsh-scope@0.1.6-alpha.1(@deepseek-ai/cordis@4.0.2)(@deepseek-ai/dsh-invariants@0.1.6-alpha.1(@deepseek-ai/cordis@4.0.2)))(@deepseek-ai/dsh-session@0.1.6-alpha.1(@deepseek-ai/cordis@4.0.2)(@deepseek-ai/dsh-scope@0.1.6-alpha.1(@deepseek-ai/cordis@4.0.2)(@deepseek-ai/dsh-invariants@0.1.6-alpha.1(@deepseek-ai/cordis@4.0.2))))(@deepseek-ai/dsh-system-prompt@0.1.6-alpha.1(@deepseek-ai/cordis@4.0.2)(@deepseek-ai/dsh-invariants@0.1.6-alpha.1(@deepseek-ai/cordis@4.0.2))(@deepseek-ai/dsh-llm@0.1.6-alpha.1(@deepseek-ai/cordis@4.0.2))(@deepseek-ai/dsh-scope@0.1.6-alpha.1(@deepseek-ai/cordis@4.0.2)(@deepseek-ai/dsh-invariants@0.1.6-alpha.1(@deepseek-ai/cordis@4.0.2))))(@deepseek-ai/dsh-typert-protocol@0.1.6-alpha.1(@deepseek-ai/cordis@4.0.2))(@deepseek-ai/dsh-util-values@0.1.6-alpha.1(@deepseek-ai/cordis@4.0.2))':
    dependencies:
      '@deepseek-ai/cordis': 4.0.2(@deepseek-ai/cordis-plugin-include@1.0.7)(@deepseek-ai/cordis-plugin-loader@1.0.3)
      '@deepseek-ai/dsh-invariants': 0.1.6-alpha.1(@deepseek-ai/cordis@4.0.2)
      '@deepseek-ai/dsh-llm': 0.1.6-alpha.1(@deepseek-ai/cordis@4.0.2)
      '@deepseek-ai/dsh-scope': 0.1.6-alpha.1(@deepseek-ai/cordis@4.0.2)(@deepseek-ai/dsh-invariants@0.1.6-alpha.1(@deepseek-ai/cordis@4.0.2))
      '@deepseek-ai/dsh-session': 0.1.6-alpha.1(@deepseek-ai/cordis@4.0.2)(@deepseek-ai/dsh-scope@0.1.6-alpha.1(@deepseek-ai/cordis@4.0.2)(@deepseek-ai/dsh-invariants@0.1.6-alpha.1(@deepseek-ai/cordis@4.0.2)))
      '@deepseek-ai/dsh-system-prompt': 0.1.6-alpha.1(@deepseek-ai/cordis@4.0.2)(@deepseek-ai/dsh-invariants@0.1.6-alpha.1(@deepseek-ai/cordis@4.0.2))(@deepseek-ai/dsh-llm@0.1.6-alpha.1(@deepseek-ai/cordis@4.0.2))(@deepseek-ai/dsh-scope@0.1.6-alpha.1(@deepseek-ai/cordis@4.0.2)(@deepseek-ai/dsh-invariants@0.1.6-alpha.1(@deepseek-ai/cordis@4.0.2)))
      '@deepseek-ai/dsh-typert-protocol': 0.1.6-alpha.1(@deepseek-ai/cordis@4.0.2)
      '@deepseek-ai/dsh-util-values': 0.1.6-alpha.1(@deepseek-ai/cordis@4.0.2)

  '@deepseek-ai/dsh-attachment@0.1.6-alpha.1(@deepseek-ai/cordis@4.0.2)(@deepseek-ai/dsh-brand@0.1.6-alpha.1(@deepseek-ai/cordis@4.0.2))':
    dependencies:
      '@deepseek-ai/cordis': 4.0.2(@deepseek-ai/cordis-plugin-include@1.0.7)(@deepseek-ai/cordis-plugin-loader@1.0.3)
      '@deepseek-ai/dsh-brand': 0.1.6-alpha.1(@deepseek-ai/cordis@4.0.2)

  '@deepseek-ai/dsh-brand@0.1.6-alpha.1(@deepseek-ai/cordis@4.0.2)':
    dependencies:
      '@deepseek-ai/cordis': 4.0.2(@deepseek-ai/cordis-plugin-include@1.0.7)(@deepseek-ai/cordis-plugin-loader@1.0.3)

  '@deepseek-ai/dsh-code-runtime@0.1.5-rc.2(@deepseek-ai/cordis@4.0.2)':
    dependencies:
      '@deepseek-ai/cordis': 4.0.2(@deepseek-ai/cordis-plugin-include@1.0.7)(@deepseek-ai/cordis-plugin-loader@1.0.3)

  '@deepseek-ai/dsh-compaction-basic@0.1.6-alpha.1(b16cb2301f5deb2c6fd2d532ef26dd90)':
    dependencies:
      '@deepseek-ai/cordis': 4.0.2(@deepseek-ai/cordis-plugin-include@1.0.7)(@deepseek-ai/cordis-plugin-loader@1.0.3)
      '@deepseek-ai/dsh-agent': 0.1.6-alpha.1(@deepseek-ai/cordis@4.0.2)(@deepseek-ai/dsh-invariants@0.1.6-alpha.1(@deepseek-ai/cordis@4.0.2))(@deepseek-ai/dsh-llm@0.1.6-alpha.1(@deepseek-ai/cordis@4.0.2))(@deepseek-ai/dsh-scope@0.1.6-alpha.1(@deepseek-ai/cordis@4.0.2)(@deepseek-ai/dsh-invariants@0.1.6-alpha.1(@deepseek-ai/cordis@4.0.2)))(@deepseek-ai/dsh-session@0.1.6-alpha.1(@deepseek-ai/cordis@4.0.2)(@deepseek-ai/dsh-scope@0.1.6-alpha.1(@deepseek-ai/cordis@4.0.2)(@deepseek-ai/dsh-invariants@0.1.6-alpha.1(@deepseek-ai/cordis@4.0.2))))(@deepseek-ai/dsh-system-prompt@0.1.6-alpha.1(@deepseek-ai/cordis@4.0.2)(@deepseek-ai/dsh-invariants@0.1.6-alpha.1(@deepseek-ai/cordis@4.0.2))(@deepseek-ai/dsh-llm@0.1.6-alpha.1(@deepseek-ai/cordis@4.0.2))(@deepseek-ai/dsh-scope@0.1.6-alpha.1(@deepseek-ai/cordis@4.0.2)(@deepseek-ai/dsh-invariants@0.1.6-alpha.1(@deepseek-ai/cordis@4.0.2))))(@deepseek-ai/dsh-typert-protocol@0.1.6-alpha.1(@deepseek-ai/cordis@4.0.2))(@deepseek-ai/dsh-util-values@0.1.6-alpha.1(@deepseek-ai/cordis@4.0.2))
      '@deepseek-ai/dsh-compaction': 0.1.6-alpha.1(@deepseek-ai/cordis@4.0.2)(@deepseek-ai/dsh-brand@0.1.6-alpha.1(@deepseek-ai/cordis@4.0.2))(@deepseek-ai/dsh-invariants@0.1.6-alpha.1(@deepseek-ai/cordis@4.0.2))(@deepseek-ai/dsh-llm@0.1.6-alpha.1(@deepseek-ai/cordis@4.0.2))(@deepseek-ai/dsh-session@0.1.6-alpha.1(@deepseek-ai/cordis@4.0.2)(@deepseek-ai/dsh-scope@0.1.6-alpha.1(@deepseek-ai/cordis@4.0.2)(@deepseek-ai/dsh-invariants@0.1.6-alpha.1(@deepseek-ai/cordis@4.0.2))))
      '@deepseek-ai/dsh-llm': 0.1.6-alpha.1(@deepseek-ai/cordis@4.0.2)
      '@deepseek-ai/dsh-session': 0.1.6-alpha.1(@deepseek-ai/cordis@4.0.2)(@deepseek-ai/dsh-scope@0.1.6-alpha.1(@deepseek-ai/cordis@4.0.2)(@deepseek-ai/dsh-invariants@0.1.6-alpha.1(@deepseek-ai/cordis@4.0.2)))
      '@deepseek-ai/dsh-util-values': 0.1.6-alpha.1(@deepseek-ai/cordis@4.0.2)
      '@deepseek-ai/schemastery': 3.18.2

  '@deepseek-ai/dsh-compaction@0.1.6-alpha.1(@deepseek-ai/cordis@4.0.2)(@deepseek-ai/dsh-brand@0.1.6-alpha.1(@deepseek-ai/cordis@4.0.2))(@deepseek-ai/dsh-invariants@0.1.6-alpha.1(@deepseek-ai/cordis@4.0.2))(@deepseek-ai/dsh-llm@0.1.6-alpha.1(@deepseek-ai/cordis@4.0.2))(@deepseek-ai/dsh-session@0.1.6-alpha.1(@deepseek-ai/cordis@4.0.2)(@deepseek-ai/dsh-scope@0.1.6-alpha.1(@deepseek-ai/cordis@4.0.2)(@deepseek-ai/dsh-invariants@0.1.6-alpha.1(@deepseek-ai/cordis@4.0.2))))':
    dependencies:
      '@deepseek-ai/cordis': 4.0.2(@deepseek-ai/cordis-plugin-include@1.0.7)(@deepseek-ai/cordis-plugin-loader@1.0.3)
      '@deepseek-ai/dsh-brand': 0.1.6-alpha.1(@deepseek-ai/cordis@4.0.2)
      '@deepseek-ai/dsh-invariants': 0.1.6-alpha.1(@deepseek-ai/cordis@4.0.2)
      '@deepseek-ai/dsh-llm': 0.1.6-alpha.1(@deepseek-ai/cordis@4.0.2)
      '@deepseek-ai/dsh-session': 0.1.6-alpha.1(@deepseek-ai/cordis@4.0.2)(@deepseek-ai/dsh-scope@0.1.6-alpha.1(@deepseek-ai/cordis@4.0.2)(@deepseek-ai/dsh-invariants@0.1.6-alpha.1(@deepseek-ai/cordis@4.0.2)))

  '@deepseek-ai/dsh-home-paths@0.1.6-alpha.1(@deepseek-ai/cordis@4.0.2)':
    dependencies:
      '@deepseek-ai/cordis': 4.0.2(@deepseek-ai/cordis-plugin-include@1.0.7)(@deepseek-ai/cordis-plugin-loader@1.0.3)

  '@deepseek-ai/dsh-invariants@0.1.6-alpha.1(@deepseek-ai/cordis@4.0.2)':
    dependencies:
      '@deepseek-ai/cordis': 4.0.2(@deepseek-ai/cordis-plugin-include@1.0.7)(@deepseek-ai/cordis-plugin-loader@1.0.3)
      '@deepseek-ai/schemastery': 3.18.2

  '@deepseek-ai/dsh-llm@0.1.6-alpha.1(@deepseek-ai/cordis@4.0.2)':
    dependencies:
      '@deepseek-ai/cordis': 4.0.2(@deepseek-ai/cordis-plugin-include@1.0.7)(@deepseek-ai/cordis-plugin-loader@1.0.3)
      '@deepseek-ai/dsh-brand': 0.1.6-alpha.1(@deepseek-ai/cordis@4.0.2)
      '@deepseek-ai/dsh-timeout': 0.1.6-alpha.1(@deepseek-ai/cordis@4.0.2)
      '@deepseek-ai/dsh-typert-protocol': 0.1.6-alpha.1(@deepseek-ai/cordis@4.0.2)
      '@deepseek-ai/dsh-util-crypto': 0.1.6-alpha.1(@deepseek-ai/cordis@4.0.2)
      '@deepseek-ai/dsh-util-values': 0.1.6-alpha.1(@deepseek-ai/cordis@4.0.2)
      '@deepseek-ai/schemastery': 3.18.2
      zod: 4.6.1

  '@deepseek-ai/dsh-ptc-runtime@0.1.6-alpha.1(@deepseek-ai/cordis@4.0.2)(@deepseek-ai/dsh-sandbox@0.1.6-alpha.1(@deepseek-ai/cordis@4.0.2)(@deepseek-ai/dsh-llm@0.1.6-alpha.1(@deepseek-ai/cordis@4.0.2))(@deepseek-ai/dsh-session@0.1.6-alpha.1(@deepseek-ai/cordis@4.0.2)(@deepseek-ai/dsh-scope@0.1.6-alpha.1(@deepseek-ai/cordis@4.0.2)(@deepseek-ai/dsh-invariants@0.1.6-alpha.1(@deepseek-ai/cordis@4.0.2)))))':
    dependencies:
      '@deepseek-ai/cordis': 4.0.2(@deepseek-ai/cordis-plugin-include@1.0.7)(@deepseek-ai/cordis-plugin-loader@1.0.3)
      '@deepseek-ai/dsh-sandbox': 0.1.6-alpha.1(@deepseek-ai/cordis@4.0.2)(@deepseek-ai/dsh-llm@0.1.6-alpha.1(@deepseek-ai/cordis@4.0.2))(@deepseek-ai/dsh-session@0.1.6-alpha.1(@deepseek-ai/cordis@4.0.2)(@deepseek-ai/dsh-scope@0.1.6-alpha.1(@deepseek-ai/cordis@4.0.2)(@deepseek-ai/dsh-invariants@0.1.6-alpha.1(@deepseek-ai/cordis@4.0.2))))

  '@deepseek-ai/dsh-sandbox-policy@0.1.6-alpha.1(9231d23c75de224fd3476a3a9469564b)':
    dependencies:
      '@deepseek-ai/cordis': 4.0.2(@deepseek-ai/cordis-plugin-include@1.0.7)(@deepseek-ai/cordis-plugin-loader@1.0.3)
      '@deepseek-ai/dsh-agent': 0.1.6-alpha.1(@deepseek-ai/cordis@4.0.2)(@deepseek-ai/dsh-invariants@0.1.6-alpha.1(@deepseek-ai/cordis@4.0.2))(@deepseek-ai/dsh-llm@0.1.6-alpha.1(@deepseek-ai/cordis@4.0.2))(@deepseek-ai/dsh-scope@0.1.6-alpha.1(@deepseek-ai/cordis@4.0.2)(@deepseek-ai/dsh-invariants@0.1.6-alpha.1(@deepseek-ai/cordis@4.0.2)))(@deepseek-ai/dsh-session@0.1.6-alpha.1(@deepseek-ai/cordis@4.0.2)(@deepseek-ai/dsh-scope@0.1.6-alpha.1(@deepseek-ai/cordis@4.0.2)(@deepseek-ai/dsh-invariants@0.1.6-alpha.1(@deepseek-ai/cordis@4.0.2))))(@deepseek-ai/dsh-system-prompt@0.1.6-alpha.1(@deepseek-ai/cordis@4.0.2)(@deepseek-ai/dsh-invariants@0.1.6-alpha.1(@deepseek-ai/cordis@4.0.2))(@deepseek-ai/dsh-llm@0.1.6-alpha.1(@deepseek-ai/cordis@4.0.2))(@deepseek-ai/dsh-scope@0.1.6-alpha.1(@deepseek-ai/cordis@4.0.2)(@deepseek-ai/dsh-invariants@0.1.6-alpha.1(@deepseek-ai/cordis@4.0.2))))(@deepseek-ai/dsh-typert-protocol@0.1.6-alpha.1(@deepseek-ai/cordis@4.0.2))(@deepseek-ai/dsh-util-values@0.1.6-alpha.1(@deepseek-ai/cordis@4.0.2))
      '@deepseek-ai/dsh-invariants': 0.1.6-alpha.1(@deepseek-ai/cordis@4.0.2)
      '@deepseek-ai/dsh-sandbox': 0.1.6-alpha.1(@deepseek-ai/cordis@4.0.2)(@deepseek-ai/dsh-llm@0.1.6-alpha.1(@deepseek-ai/cordis@4.0.2))(@deepseek-ai/dsh-session@0.1.6-alpha.1(@deepseek-ai/cordis@4.0.2)(@deepseek-ai/dsh-scope@0.1.6-alpha.1(@deepseek-ai/cordis@4.0.2)(@deepseek-ai/dsh-invariants@0.1.6-alpha.1(@deepseek-ai/cordis@4.0.2))))
      '@deepseek-ai/dsh-session': 0.1.6-alpha.1(@deepseek-ai/cordis@4.0.2)(@deepseek-ai/dsh-scope@0.1.6-alpha.1(@deepseek-ai/cordis@4.0.2)(@deepseek-ai/dsh-invariants@0.1.6-alpha.1(@deepseek-ai/cordis@4.0.2)))
      '@deepseek-ai/dsh-system-prompt': 0.1.6-alpha.1(@deepseek-ai/cordis@4.0.2)(@deepseek-ai/dsh-invariants@0.1.6-alpha.1(@deepseek-ai/cordis@4.0.2))(@deepseek-ai/dsh-llm@0.1.6-alpha.1(@deepseek-ai/cordis@4.0.2))(@deepseek-ai/dsh-scope@0.1.6-alpha.1(@deepseek-ai/cordis@4.0.2)(@deepseek-ai/dsh-invariants@0.1.6-alpha.1(@deepseek-ai/cordis@4.0.2)))
      '@deepseek-ai/schemastery': 3.18.2
      zod: 4.6.1

  '@deepseek-ai/dsh-sandbox@0.1.6-alpha.1(@deepseek-ai/cordis@4.0.2)(@deepseek-ai/dsh-llm@0.1.6-alpha.1(@deepseek-ai/cordis@4.0.2))(@deepseek-ai/dsh-session@0.1.6-alpha.1(@deepseek-ai/cordis@4.0.2)(@deepseek-ai/dsh-scope@0.1.6-alpha.1(@deepseek-ai/cordis@4.0.2)(@deepseek-ai/dsh-invariants@0.1.6-alpha.1(@deepseek-ai/cordis@4.0.2))))':
    dependencies:
      '@deepseek-ai/cordis': 4.0.2(@deepseek-ai/cordis-plugin-include@1.0.7)(@deepseek-ai/cordis-plugin-loader@1.0.3)
      '@deepseek-ai/dsh-llm': 0.1.6-alpha.1(@deepseek-ai/cordis@4.0.2)
      '@deepseek-ai/dsh-session': 0.1.6-alpha.1(@deepseek-ai/cordis@4.0.2)(@deepseek-ai/dsh-scope@0.1.6-alpha.1(@deepseek-ai/cordis@4.0.2)(@deepseek-ai/dsh-invariants@0.1.6-alpha.1(@deepseek-ai/cordis@4.0.2)))
      '@deepseek-ai/dsh-util-values': 0.1.6-alpha.1(@deepseek-ai/cordis@4.0.2)

  '@deepseek-ai/dsh-scope@0.1.6-alpha.1(@deepseek-ai/cordis@4.0.2)(@deepseek-ai/dsh-invariants@0.1.6-alpha.1(@deepseek-ai/cordis@4.0.2))':
    dependencies:
      '@deepseek-ai/cordis': 4.0.2(@deepseek-ai/cordis-plugin-include@1.0.7)(@deepseek-ai/cordis-plugin-loader@1.0.3)
      '@deepseek-ai/dsh-invariants': 0.1.6-alpha.1(@deepseek-ai/cordis@4.0.2)

  '@deepseek-ai/dsh-session@0.1.6-alpha.1(@deepseek-ai/cordis@4.0.2)(@deepseek-ai/dsh-scope@0.1.6-alpha.1(@deepseek-ai/cordis@4.0.2)(@deepseek-ai/dsh-invariants@0.1.6-alpha.1(@deepseek-ai/cordis@4.0.2)))':
    dependencies:
      '@deepseek-ai/cordis': 4.0.2(@deepseek-ai/cordis-plugin-include@1.0.7)(@deepseek-ai/cordis-plugin-loader@1.0.3)
      '@deepseek-ai/dsh-brand': 0.1.6-alpha.1(@deepseek-ai/cordis@4.0.2)
      '@deepseek-ai/dsh-llm': 0.1.6-alpha.1(@deepseek-ai/cordis@4.0.2)
      '@deepseek-ai/dsh-scope': 0.1.6-alpha.1(@deepseek-ai/cordis@4.0.2)(@deepseek-ai/dsh-invariants@0.1.6-alpha.1(@deepseek-ai/cordis@4.0.2))
      '@deepseek-ai/dsh-util-values': 0.1.6-alpha.1(@deepseek-ai/cordis@4.0.2)

  '@deepseek-ai/dsh-system-prompt@0.1.6-alpha.1(@deepseek-ai/cordis@4.0.2)(@deepseek-ai/dsh-invariants@0.1.6-alpha.1(@deepseek-ai/cordis@4.0.2))(@deepseek-ai/dsh-llm@0.1.6-alpha.1(@deepseek-ai/cordis@4.0.2))(@deepseek-ai/dsh-scope@0.1.6-alpha.1(@deepseek-ai/cordis@4.0.2)(@deepseek-ai/dsh-invariants@0.1.6-alpha.1(@deepseek-ai/cordis@4.0.2)))':
    dependencies:
      '@deepseek-ai/cordis': 4.0.2(@deepseek-ai/cordis-plugin-include@1.0.7)(@deepseek-ai/cordis-plugin-loader@1.0.3)
      '@deepseek-ai/dsh-invariants': 0.1.6-alpha.1(@deepseek-ai/cordis@4.0.2)
      '@deepseek-ai/dsh-llm': 0.1.6-alpha.1(@deepseek-ai/cordis@4.0.2)
      '@deepseek-ai/dsh-scope': 0.1.6-alpha.1(@deepseek-ai/cordis@4.0.2)(@deepseek-ai/dsh-invariants@0.1.6-alpha.1(@deepseek-ai/cordis@4.0.2))
      '@deepseek-ai/schemastery': 3.18.2

  '@deepseek-ai/dsh-timeout@0.1.6-alpha.1(@deepseek-ai/cordis@4.0.2)':
    dependencies:
      '@deepseek-ai/cordis': 4.0.2(@deepseek-ai/cordis-plugin-include@1.0.7)(@deepseek-ai/cordis-plugin-loader@1.0.3)

  '@deepseek-ai/dsh-tools@0.1.6-alpha.1(071ad6ad3babd512a94b39233040da5d)':
    dependencies:
      '@deepseek-ai/cordis': 4.0.2(@deepseek-ai/cordis-plugin-include@1.0.7)(@deepseek-ai/cordis-plugin-loader@1.0.3)
      '@deepseek-ai/dsh-agent': 0.1.6-alpha.1(@deepseek-ai/cordis@4.0.2)(@deepseek-ai/dsh-invariants@0.1.6-alpha.1(@deepseek-ai/cordis@4.0.2))(@deepseek-ai/dsh-llm@0.1.6-alpha.1(@deepseek-ai/cordis@4.0.2))(@deepseek-ai/dsh-scope@0.1.6-alpha.1(@deepseek-ai/cordis@4.0.2)(@deepseek-ai/dsh-invariants@0.1.6-alpha.1(@deepseek-ai/cordis@4.0.2)))(@deepseek-ai/dsh-session@0.1.6-alpha.1(@deepseek-ai/cordis@4.0.2)(@deepseek-ai/dsh-scope@0.1.6-alpha.1(@deepseek-ai/cordis@4.0.2)(@deepseek-ai/dsh-invariants@0.1.6-alpha.1(@deepseek-ai/cordis@4.0.2))))(@deepseek-ai/dsh-system-prompt@0.1.6-alpha.1(@deepseek-ai/cordis@4.0.2)(@deepseek-ai/dsh-invariants@0.1.6-alpha.1(@deepseek-ai/cordis@4.0.2))(@deepseek-ai/dsh-llm@0.1.6-alpha.1(@deepseek-ai/cordis@4.0.2))(@deepseek-ai/dsh-scope@0.1.6-alpha.1(@deepseek-ai/cordis@4.0.2)(@deepseek-ai/dsh-invariants@0.1.6-alpha.1(@deepseek-ai/cordis@4.0.2))))(@deepseek-ai/dsh-typert-protocol@0.1.6-alpha.1(@deepseek-ai/cordis@4.0.2))(@deepseek-ai/dsh-util-values@0.1.6-alpha.1(@deepseek-ai/cordis@4.0.2))
      '@deepseek-ai/dsh-brand': 0.1.6-alpha.1(@deepseek-ai/cordis@4.0.2)
      '@deepseek-ai/dsh-invariants': 0.1.6-alpha.1(@deepseek-ai/cordis@4.0.2)
      '@deepseek-ai/dsh-llm': 0.1.6-alpha.1(@deepseek-ai/cordis@4.0.2)
      '@deepseek-ai/dsh-ptc-runtime': 0.1.6-alpha.1(@deepseek-ai/cordis@4.0.2)(@deepseek-ai/dsh-sandbox@0.1.6-alpha.1(@deepseek-ai/cordis@4.0.2)(@deepseek-ai/dsh-llm@0.1.6-alpha.1(@deepseek-ai/cordis@4.0.2))(@deepseek-ai/dsh-session@0.1.6-alpha.1(@deepseek-ai/cordis@4.0.2)(@deepseek-ai/dsh-scope@0.1.6-alpha.1(@deepseek-ai/cordis@4.0.2)(@deepseek-ai/dsh-invariants@0.1.6-alpha.1(@deepseek-ai/cordis@4.0.2)))))
      '@deepseek-ai/dsh-sandbox': 0.1.6-alpha.1(@deepseek-ai/cordis@4.0.2)(@deepseek-ai/dsh-llm@0.1.6-alpha.1(@deepseek-ai/cordis@4.0.2))(@deepseek-ai/dsh-session@0.1.6-alpha.1(@deepseek-ai/cordis@4.0.2)(@deepseek-ai/dsh-scope@0.1.6-alpha.1(@deepseek-ai/cordis@4.0.2)(@deepseek-ai/dsh-invariants@0.1.6-alpha.1(@deepseek-ai/cordis@4.0.2))))
      '@deepseek-ai/dsh-sandbox-policy': 0.1.6-alpha.1(9231d23c75de224fd3476a3a9469564b)
      '@deepseek-ai/dsh-scope': 0.1.6-alpha.1(@deepseek-ai/cordis@4.0.2)(@deepseek-ai/dsh-invariants@0.1.6-alpha.1(@deepseek-ai/cordis@4.0.2))
      '@deepseek-ai/dsh-session': 0.1.6-alpha.1(@deepseek-ai/cordis@4.0.2)(@deepseek-ai/dsh-scope@0.1.6-alpha.1(@deepseek-ai/cordis@4.0.2)(@deepseek-ai/dsh-invariants@0.1.6-alpha.1(@deepseek-ai/cordis@4.0.2)))
      '@deepseek-ai/dsh-system-prompt': 0.1.6-alpha.1(@deepseek-ai/cordis@4.0.2)(@deepseek-ai/dsh-invariants@0.1.6-alpha.1(@deepseek-ai/cordis@4.0.2))(@deepseek-ai/dsh-llm@0.1.6-alpha.1(@deepseek-ai/cordis@4.0.2))(@deepseek-ai/dsh-scope@0.1.6-alpha.1(@deepseek-ai/cordis@4.0.2)(@deepseek-ai/dsh-invariants@0.1.6-alpha.1(@deepseek-ai/cordis@4.0.2)))
      '@deepseek-ai/dsh-user-approval': 0.1.6-alpha.1(108e0ab4f8bdbc9032c57fabad05b672)
      '@deepseek-ai/dsh-util-values': 0.1.6-alpha.1(@deepseek-ai/cordis@4.0.2)
      '@deepseek-ai/schemastery': 3.18.2

  '@deepseek-ai/dsh-typert-protocol@0.1.6-alpha.1(@deepseek-ai/cordis@4.0.2)':
    dependencies:
      '@deepseek-ai/cordis': 4.0.2(@deepseek-ai/cordis-plugin-include@1.0.7)(@deepseek-ai/cordis-plugin-loader@1.0.3)

  '@deepseek-ai/dsh-user-approval@0.1.6-alpha.1(108e0ab4f8bdbc9032c57fabad05b672)':
    dependencies:
      '@deepseek-ai/cordis': 4.0.2(@deepseek-ai/cordis-plugin-include@1.0.7)(@deepseek-ai/cordis-plugin-loader@1.0.3)
      '@deepseek-ai/dsh-agent': 0.1.6-alpha.1(@deepseek-ai/cordis@4.0.2)(@deepseek-ai/dsh-invariants@0.1.6-alpha.1(@deepseek-ai/cordis@4.0.2))(@deepseek-ai/dsh-llm@0.1.6-alpha.1(@deepseek-ai/cordis@4.0.2))(@deepseek-ai/dsh-scope@0.1.6-alpha.1(@deepseek-ai/cordis@4.0.2)(@deepseek-ai/dsh-invariants@0.1.6-alpha.1(@deepseek-ai/cordis@4.0.2)))(@deepseek-ai/dsh-session@0.1.6-alpha.1(@deepseek-ai/cordis@4.0.2)(@deepseek-ai/dsh-scope@0.1.6-alpha.1(@deepseek-ai/cordis@4.0.2)(@deepseek-ai/dsh-invariants@0.1.6-alpha.1(@deepseek-ai/cordis@4.0.2))))(@deepseek-ai/dsh-system-prompt@0.1.6-alpha.1(@deepseek-ai/cordis@4.0.2)(@deepseek-ai/dsh-invariants@0.1.6-alpha.1(@deepseek-ai/cordis@4.0.2))(@deepseek-ai/dsh-llm@0.1.6-alpha.1(@deepseek-ai/cordis@4.0.2))(@deepseek-ai/dsh-scope@0.1.6-alpha.1(@deepseek-ai/cordis@4.0.2)(@deepseek-ai/dsh-invariants@0.1.6-alpha.1(@deepseek-ai/cordis@4.0.2))))(@deepseek-ai/dsh-typert-protocol@0.1.6-alpha.1(@deepseek-ai/cordis@4.0.2))(@deepseek-ai/dsh-util-values@0.1.6-alpha.1(@deepseek-ai/cordis@4.0.2))
      '@deepseek-ai/dsh-brand': 0.1.6-alpha.1(@deepseek-ai/cordis@4.0.2)
      '@deepseek-ai/dsh-invariants': 0.1.6-alpha.1(@deepseek-ai/cordis@4.0.2)
      '@deepseek-ai/dsh-llm': 0.1.6-alpha.1(@deepseek-ai/cordis@4.0.2)
      '@deepseek-ai/dsh-scope': 0.1.6-alpha.1(@deepseek-ai/cordis@4.0.2)(@deepseek-ai/dsh-invariants@0.1.6-alpha.1(@deepseek-ai/cordis@4.0.2))
      '@deepseek-ai/dsh-session': 0.1.6-alpha.1(@deepseek-ai/cordis@4.0.2)(@deepseek-ai/dsh-scope@0.1.6-alpha.1(@deepseek-ai/cordis@4.0.2)(@deepseek-ai/dsh-invariants@0.1.6-alpha.1(@deepseek-ai/cordis@4.0.2)))
      '@deepseek-ai/dsh-system-prompt': 0.1.6-alpha.1(@deepseek-ai/cordis@4.0.2)(@deepseek-ai/dsh-invariants@0.1.6-alpha.1(@deepseek-ai/cordis@4.0.2))(@deepseek-ai/dsh-llm@0.1.6-alpha.1(@deepseek-ai/cordis@4.0.2))(@deepseek-ai/dsh-scope@0.1.6-alpha.1(@deepseek-ai/cordis@4.0.2)(@deepseek-ai/dsh-invariants@0.1.6-alpha.1(@deepseek-ai/cordis@4.0.2)))
      '@deepseek-ai/schemastery': 3.18.2

  '@deepseek-ai/dsh-util-crypto@0.1.6-alpha.1(@deepseek-ai/cordis@4.0.2)':
    dependencies:
      '@deepseek-ai/cordis': 4.0.2(@deepseek-ai/cordis-plugin-include@1.0.7)(@deepseek-ai/cordis-plugin-loader@1.0.3)

  '@deepseek-ai/dsh-util-values@0.1.6-alpha.1(@deepseek-ai/cordis@4.0.2)':
    dependencies:
      '@deepseek-ai/cordis': 4.0.2(@deepseek-ai/cordis-plugin-include@1.0.7)(@deepseek-ai/cordis-plugin-loader@1.0.3)

  '@deepseek-ai/schemastery@3.18.2':
    dependencies:
      '@deepseek-ai/cosmokit': 1.8.3
      '@standard-schema/spec': 1.1.0

  '@standard-schema/spec@1.1.0': {}

  argparse@2.0.1: {}

  js-yaml@4.3.2:
    dependencies:
      argparse: 2.0.1

  zod@4.6.1: {}
